
Microsoft Visual Studio Solution File, Format Version 12.00
# Visual Studio Version 17
VisualStudioVersion = 17.4.33213.308
MinimumVisualStudioVersion = 10.0.40219.1
Project("{FAE04EC0-301F-11D3-BF4B-00C04F79EFBC}") = "PlantVille", "PlantVille\PlantVille.csproj", "{830524AA-FEE4-4869-A1C8-A25C703B4628}"
EndProject
Global
	GlobalSection(SolutionConfigurationPlatforms) = preSolution
		Debug|Any CPU = Debug|Any CPU
		Release|Any CPU = Release|Any CPU
	EndGlobalSection
	GlobalSection(ProjectConfigurationPlatforms) = postSolution
		{830524AA-FEE4-4869-A1C8-A25C703B4628}.Debug|Any CPU.ActiveCfg = Debug|Any CPU
		{830524AA-FEE4-4869-A1C8-A25C703B4628}.Debug|Any CPU.Build.0 = Debug|Any CPU
		{830524AA-FEE4-4869-A1C8-A25C703B4628}.Release|Any CPU.ActiveCfg = Release|Any CPU
		{830524AA-FEE4-4869-A1C8-A25C703B4628}.Release|Any CPU.Build.0 = Release|Any CPU
	EndGlobalSection
	GlobalSection(SolutionProperties) = preSolution
		HideSolutionNode = FALSE
	EndGlobalSection
	GlobalSection(ExtensibilityGlobals) = postSolution
		SolutionGuid = {35400D10-42FA-4171-92A8-FE98DFC58BE5}
	EndGlobalSection
EndGlobal
